Microsoft Visual Studio Solution File, Format Version 12.00
# Visual Studio Version 17
VisualStudioVersion = 17.0.31903.59
MinimumVisualStudioVersion = 10.0.40219.1
Project("{A0347CD7-9321-4C6E-AA87-E0976E7C04F2}") = "Project_df0e2bd8e9694823bce9414372a141cd_20250608123500716186", "Project_df0e2bd8e9694823bce9414372a141cd_20250608123500716186.csproj", "{A0347CD7-9321-4C6E-AA87-E0976E7C04F2}"
EndProject
Global
    GlobalSection(SolutionConfigurationPlatforms) = preSolution
        Debug|Any CPU = Debug|Any CPU
        Release|Any CPU = Release|Any CPU
    EndGlobalSection
    GlobalSection(ProjectConfigurationPlatforms) = postSolution
        {A0347CD7-9321-4C6E-AA87-E0976E7C04F2}.Debug|Any CPU.ActiveCfg = Debug|Any CPU
        {A0347CD7-9321-4C6E-AA87-E0976E7C04F2}.Debug|Any CPU.Build.0 = Debug|Any CPU
        {A0347CD7-9321-4C6E-AA87-E0976E7C04F2}.Release|Any CPU.ActiveCfg = Release|Any CPU
        {A0347CD7-9321-4C6E-AA87-E0976E7C04F2}.Release|Any CPU.Build.0 = Release|Any CPU
    EndGlobalSection
EndGlobal